// !$*UTF8*$!
{
	archiveVersion = 1;
	classes = {
	};
	objectVersion = 46;
	objects = {

/* Begin PBXBuildFile section */
		1A20978E1D5DD2CD008FAE8B /* AppDelegate.swift in Sources */ = {isa = PBXBuildFile; fileRef = 1A20978D1D5DD2CD008FAE8B /* AppDelegate.swift */; };
		1A2097901D5DD2CD008FAE8B /* ViewController.swift in Sources */ = {isa = PBXBuildFile; fileRef = 1A20978F1D5DD2CD008FAE8B /* ViewController.swift */; };
		1A2097931D5DD2CD008FAE8B /* Main.storyboard in Resources */ = {isa = PBXBuildFile; fileRef = 1A2097911D5DD2CD008FAE8B /* Main.storyboard */; };
		1A2097951D5DD2CD008FAE8B /* Assets.xcassets in Resources */ = {isa = PBXBuildFile; fileRef = 1A2097941D5DD2CD008FAE8B /* Assets.xcassets */; };
		1A2097981D5DD2CD008FAE8B /* LaunchScreen.storyboard in Resources */ = {isa = PBXBuildFile; fileRef = 1A2097961D5DD2CD008FAE8B /* LaunchScreen.storyboard */; };
		1A2097A51D5DD50B008FAE8B /* XJLChatViewController.swift in Sources */ = {isa = PBXBuildFile; fileRef = 1A2097A41D5DD50B008FAE8B /* XJLChatViewController.swift */; };
		1A2097AC1D5DDFF7008FAE8B /* XJLLeftTableViewCell.swift in Sources */ = {isa = PBXBuildFile; fileRef = 1A2097AA1D5DDFF7008FAE8B /* XJLLeftTableViewCell.swift */; };
		1A2097AD1D5DDFF7008FAE8B /* XJLLeftTableViewCell.xib in Resources */ = {isa = PBXBuildFile; fileRef = 1A2097AB1D5DDFF7008FAE8B /* XJLLeftTableViewCell.xib */; };
		1A2097B01D5DE006008FAE8B /* XJLRightTableViewCell.swift in Sources */ = {isa = PBXBuildFile; fileRef = 1A2097AE1D5DE006008FAE8B /* XJLRightTableViewCell.swift */; };
		1A2097B11D5DE006008FAE8B /* XJLRightTableViewCell.xib in Resources */ = {isa = PBXBuildFile; fileRef = 1A2097AF1D5DE006008FAE8B /* XJLRightTableViewCell.xib */; };
		1AB650381D5ED327003CADE3 /* XJLModel.swift in Sources */ = {isa = PBXBuildFile; fileRef = 1AB650371D5ED327003CADE3 /* XJLModel.swift */; };
		1AB650561D5F0669003CADE3 /* MoreFunctionFrame@2x.png in Resources */ = {isa = PBXBuildFile; fileRef = 1AB6504F1D5F0669003CADE3 /* MoreFunctionFrame@2x.png */; };
		1AB650571D5F0669003CADE3 /* XHPopMenu.m in Sources */ = {isa = PBXBuildFile; fileRef = 1AB650511D5F0669003CADE3 /* XHPopMenu.m */; };
		1AB650581D5F0669003CADE3 /* XHPopMenuItem.m in Sources */ = {isa = PBXBuildFile; fileRef = 1AB650531D5F0669003CADE3 /* XHPopMenuItem.m */; };
		1AB650591D5F0669003CADE3 /* XHPopMenuItemView.m in Sources */ = {isa = PBXBuildFile; fileRef = 1AB650551D5F0669003CADE3 /* XHPopMenuItemView.m */; };
		1AB650651D5F0833003CADE3 /* XJLChatController.swift in Sources */ = {isa = PBXBuildFile; fileRef = 1AB650601D5F0833003CADE3 /* XJLChatController.swift */; };
		1AB650661D5F0833003CADE3 /* XJLChatViewController.storyboard in Resources */ = {isa = PBXBuildFile; fileRef = 1AB650611D5F0833003CADE3 /* XJLChatViewController.storyboard */; };
		1AB650671D5F0833003CADE3 /* XJLMessageViewCell.swift in Sources */ = {isa = PBXBuildFile; fileRef = 1AB650641D5F0833003CADE3 /* XJLMessageViewCell.swift */; };
/* End PBXBuildFile section */

/* Begin PBXFileReference section */
		1A20978A1D5DD2CD008FAE8B /* Chat.app */ = {isa = PBXFileReference; explicitFileType = wrapper.application; includeInIndex = 0; path = Chat.app; sourceTree = BUILT_PRODUCTS_DIR; };
		1A20978D1D5DD2CD008FAE8B /* AppDelegate.swift */ = {isa = PBXFileReference; lastKnownFileType = sourcecode.swift; path = AppDelegate.swift; sourceTree = "<group>"; };
		1A20978F1D5DD2CD008FAE8B /* ViewController.swift */ = {isa = PBXFileReference; lastKnownFileType = sourcecode.swift; path = ViewController.swift; sourceTree = "<group>"; };
		1A2097921D5DD2CD008FAE8B /* Base */ = {isa = PBXFileReference; lastKnownFileType = file.storyboard; name = Base; path = Base.lproj/Main.storyboard; sourceTree = "<group>"; };
		1A2097941D5DD2CD008FAE8B /* Assets.xcassets */ = {isa = PBXFileReference; lastKnownFileType = folder.assetcatalog; path = Assets.xcassets; sourceTree = "<group>"; };
		1A2097971D5DD2CD008FAE8B /* Base */ = {isa = PBXFileReference; lastKnownFileType = file.storyboard; name = Base; path = Base.lproj/LaunchScreen.storyboard; sourceTree = "<group>"; };
		1A2097991D5DD2CD008FAE8B /* Info.plist */ = {isa = PBXFileReference; lastKnownFileType = text.plist.xml; path = Info.plist; sourceTree = "<group>"; };
		1A2097A41D5DD50B008FAE8B /* XJLChatViewController.swift */ = {isa = PBXFileReference; fileEncoding = 4; lastKnownFileType = sourcecode.swift; path = XJLChatViewController.swift; sourceTree = "<group>"; };
		1A2097AA1D5DDFF7008FAE8B /* XJLLeftTableViewCell.swift */ = {isa = PBXFileReference; fileEncoding = 4; lastKnownFileType = sourcecode.swift; path = XJLLeftTableViewCell.swift; sourceTree = "<group>"; };
		1A2097AB1D5DDFF7008FAE8B /* XJLLeftTableViewCell.xib */ = {isa = PBXFileReference; fileEncoding = 4; lastKnownFileType = file.xib; path = XJLLeftTableViewCell.xib; sourceTree = "<group>"; };
		1A2097AE1D5DE006008FAE8B /* XJLRightTableViewCell.swift */ = {isa = PBXFileReference; fileEncoding = 4; lastKnownFileType = sourcecode.swift; path = XJLRightTableViewCell.swift; sourceTree = "<group>"; };
		1A2097AF1D5DE006008FAE8B /* XJLRightTableViewCell.xib */ = {isa = PBXFileReference; fileEncoding = 4; lastKnownFileType = file.xib; path = XJLRightTableViewCell.xib; sourceTree = "<group>"; };
		1AB650371D5ED327003CADE3 /* XJLModel.swift */ = {isa = PBXFileReference; fileEncoding = 4; lastKnownFileType = sourcecode.swift; path = XJLModel.swift; sourceTree = "<group>"; };
		1AB6504F1D5F0669003CADE3 /* MoreFunctionFrame@2x.png */ = {isa = PBXFileReference; lastKnownFileType = image.png; path = "MoreFunctionFrame@2x.png"; sourceTree = "<group>"; };
		1AB650501D5F0669003CADE3 /* XHPopMenu.h */ = {isa = PBXFileReference; fileEncoding = 4; lastKnownFileType = sourcecode.c.h; path = XHPopMenu.h; sourceTree = "<group>"; };
		1AB650511D5F0669003CADE3 /* XHPopMenu.m */ = {isa = PBXFileReference; fileEncoding = 4; lastKnownFileType = sourcecode.c.objc; path = XHPopMenu.m; sourceTree = "<group>"; };
		1AB650521D5F0669003CADE3 /* XHPopMenuItem.h */ = {isa = PBXFileReference; fileEncoding = 4; lastKnownFileType = sourcecode.c.h; path = XHPopMenuItem.h; sourceTree = "<group>"; };
		1AB650531D5F0669003CADE3 /* XHPopMenuItem.m */ = {isa = PBXFileReference; fileEncoding = 4; lastKnownFileType = sourcecode.c.objc; path = XHPopMenuItem.m; sourceTree = "<group>"; };
		1AB650541D5F0669003CADE3 /* XHPopMenuItemView.h */ = {isa = PBXFileReference; fileEncoding = 4; lastKnownFileType = sourcecode.c.h; path = XHPopMenuItemView.h; sourceTree = "<group>"; };
		1AB650551D5F0669003CADE3 /* XHPopMenuItemView.m */ = {isa = PBXFileReference; fileEncoding = 4; lastKnownFileType = sourcecode.c.objc; path = XHPopMenuItemView.m; sourceTree = "<group>"; };
		1AB6505D1D5F073A003CADE3 /* Bridge.h */ = {isa = PBXFileReference; lastKnownFileType = sourcecode.c.h; name = Bridge.h; path = Classes/Bridge.h; sourceTree = "<group>"; };
		1AB650601D5F0833003CADE3 /* XJLChatController.swift */ = {isa = PBXFileReference; fileEncoding = 4; lastKnownFileType = sourcecode.swift; path = XJLChatController.swift; sourceTree = "<group>"; };
		1AB650611D5F0833003CADE3 /* XJLChatViewController.storyboard */ = {isa = PBXFileReference; fileEncoding = 4; lastKnownFileType = file.storyboard; path = XJLChatViewController.storyboard; sourceTree = "<group>"; };
		1AB650641D5F0833003CADE3 /* XJLMessageViewCell.swift */ = {isa = PBXFileReference; fileEncoding = 4; lastKnownFileType = sourcecode.swift; path = XJLMessageViewCell.swift; sourceTree = "<group>"; };
/* End PBXFileReference section */

/* Begin PBXFrameworksBuildPhase section */
		1A2097871D5DD2CD008FAE8B /* Frameworks */ = {
			isa = PBXFrameworksBuildPhase;
			buildActionMask = 2147483647;
			files = (
			);
			runOnlyForDeploymentPostprocessing = 0;
		};
/* End PBXFrameworksBuildPhase section */

/* Begin PBXGroup section */
		1A2097811D5DD2CD008FAE8B = {
			isa = PBXGroup;
			children = (
				1A20978C1D5DD2CD008FAE8B /* Chat */,
				1A20978B1D5DD2CD008FAE8B /* Products */,
			);
			sourceTree = "<group>";
		};
		1A20978B1D5DD2CD008FAE8B /* Products */ = {
			isa = PBXGroup;
			children = (
				1A20978A1D5DD2CD008FAE8B /* Chat.app */,
			);
			name = Products;
			sourceTree = "<group>";
		};
		1A20978C1D5DD2CD008FAE8B /* Chat */ = {
			isa = PBXGroup;
			children = (
				1A20979F1D5DD4DE008FAE8B /* Classes */,
				1A20978D1D5DD2CD008FAE8B /* AppDelegate.swift */,
				1A20978F1D5DD2CD008FAE8B /* ViewController.swift */,
				1AB6505D1D5F073A003CADE3 /* Bridge.h */,
				1A2097911D5DD2CD008FAE8B /* Main.storyboard */,
				1A2097941D5DD2CD008FAE8B /* Assets.xcassets */,
				1A2097961D5DD2CD008FAE8B /* LaunchScreen.storyboard */,
				1A2097991D5DD2CD008FAE8B /* Info.plist */,
			);
			path = Chat;
			sourceTree = "<group>";
		};
		1A20979F1D5DD4DE008FAE8B /* Classes */ = {
			isa = PBXGroup;
			children = (
				1AB6505E1D5F0833003CADE3 /* Chat[聊天] */,
				1A2097A01D5DD4DE008FAE8B /* Main */,
				1AB6504D1D5F0669003CADE3 /* 3rdPart[第三方框架] */,
			);
			path = Classes;
			sourceTree = "<group>";
		};
		1A2097A01D5DD4DE008FAE8B /* Main */ = {
			isa = PBXGroup;
			children = (
				1A2097A11D5DD4DE008FAE8B /* Controller */,
				1A2097A21D5DD4DE008FAE8B /* Model */,
				1A2097A31D5DD4DE008FAE8B /* View */,
			);
			path = Main;
			sourceTree = "<group>";
		};
		1A2097A11D5DD4DE008FAE8B /* Controller */ = {
			isa = PBXGroup;
			children = (
				1A2097A41D5DD50B008FAE8B /* XJLChatViewController.swift */,
			);
			path = Controller;
			sourceTree = "<group>";
		};
		1A2097A21D5DD4DE008FAE8B /* Model */ = {
			isa = PBXGroup;
			children = (
				1AB650371D5ED327003CADE3 /* XJLModel.swift */,
			);
			path = Model;
			sourceTree = "<group>";
		};
		1A2097A31D5DD4DE008FAE8B /* View */ = {
			isa = PBXGroup;
			children = (
				1A2097AA1D5DDFF7008FAE8B /* XJLLeftTableViewCell.swift */,
				1A2097AB1D5DDFF7008FAE8B /* XJLLeftTableViewCell.xib */,
				1A2097AE1D5DE006008FAE8B /* XJLRightTableViewCell.swift */,
				1A2097AF1D5DE006008FAE8B /* XJLRightTableViewCell.xib */,
			);
			path = View;
			sourceTree = "<group>";
		};
		1AB6504D1D5F0669003CADE3 /* 3rdPart[第三方框架] */ = {
			isa = PBXGroup;
			children = (
				1AB6504E1D5F0669003CADE3 /* XHPopMenu */,
			);
			path = "3rdPart[第三方框架]";
			sourceTree = "<group>";
		};
		1AB6504E1D5F0669003CADE3 /* XHPopMenu */ = {
			isa = PBXGroup;
			children = (
				1AB6504F1D5F0669003CADE3 /* MoreFunctionFrame@2x.png */,
				1AB650501D5F0669003CADE3 /* XHPopMenu.h */,
				1AB650511D5F0669003CADE3 /* XHPopMenu.m */,
				1AB650521D5F0669003CADE3 /* XHPopMenuItem.h */,
				1AB650531D5F0669003CADE3 /* XHPopMenuItem.m */,
				1AB650541D5F0669003CADE3 /* XHPopMenuItemView.h */,
				1AB650551D5F0669003CADE3 /* XHPopMenuItemView.m */,
			);
			path = XHPopMenu;
			sourceTree = "<group>";
		};
		1AB6505E1D5F0833003CADE3 /* Chat[聊天] */ = {
			isa = PBXGroup;
			children = (
				1AB6505F1D5F0833003CADE3 /* Controller */,
				1AB650621D5F0833003CADE3 /* Model */,
				1AB650631D5F0833003CADE3 /* View */,
			);
			path = "Chat[聊天]";
			sourceTree = "<group>";
		};
		1AB6505F1D5F0833003CADE3 /* Controller */ = {
			isa = PBXGroup;
			children = (
				1AB650601D5F0833003CADE3 /* XJLChatController.swift */,
				1AB650611D5F0833003CADE3 /* XJLChatViewController.storyboard */,
			);
			path = Controller;
			sourceTree = "<group>";
		};
		1AB650621D5F0833003CADE3 /* Model */ = {
			isa = PBXGroup;
			children = (
			);
			path = Model;
			sourceTree = "<group>";
		};
		1AB650631D5F0833003CADE3 /* View */ = {
			isa = PBXGroup;
			children = (
				1AB650641D5F0833003CADE3 /* XJLMessageViewCell.swift */,
			);
			path = View;
			sourceTree = "<group>";
		};
/* End PBXGroup section */

/* Begin PBXNativeTarget section */
		1A2097891D5DD2CD008FAE8B /* Chat */ = {
			isa = PBXNativeTarget;
			buildConfigurationList = 1A20979C1D5DD2CD008FAE8B /* Build configuration list for PBXNativeTarget "Chat" */;
			buildPhases = (
				1A2097861D5DD2CD008FAE8B /* Sources */,
				1A2097871D5DD2CD008FAE8B /* Frameworks */,
				1A2097881D5DD2CD008FAE8B /* Resources */,
			);
			buildRules = (
			);
			dependencies = (
			);
			name = Chat;
			productName = Chat;
			productReference = 1A20978A1D5DD2CD008FAE8B /* Chat.app */;
			productType = "com.apple.product-type.application";
		};
/* End PBXNativeTarget section */

/* Begin PBXProject section */
		1A2097821D5DD2CD008FAE8B /* Project object */ = {
			isa = PBXProject;
			attributes = {
				CLASSPREFIX = XJL;
				LastSwiftUpdateCheck = 0730;
				LastUpgradeCheck = 0730;
				ORGANIZATIONNAME = Xujiali;
				TargetAttributes = {
					1A2097891D5DD2CD008FAE8B = {
						CreatedOnToolsVersion = 7.3;
						DevelopmentTeam = SDJT4XBNZQ;
					};
				};
			};
			buildConfigurationList = 1A2097851D5DD2CD008FAE8B /* Build configuration list for PBXProject "Chat" */;
			compatibilityVersion = "Xcode 3.2";
			developmentRegion = English;
			hasScannedForEncodings = 0;
			knownRegions = (
				en,
				Base,
			);
			mainGroup = 1A2097811D5DD2CD008FAE8B;
			productRefGroup = 1A20978B1D5DD2CD008FAE8B /* Products */;
			projectDirPath = "";
			projectRoot = "";
			targets = (
				1A2097891D5DD2CD008FAE8B /* Chat */,
			);
		};
/* End PBXProject section */

/* Begin PBXResourcesBuildPhase section */
		1A2097881D5DD2CD008FAE8B /* Resources */ = {
			isa = PBXResourcesBuildPhase;
			buildActionMask = 2147483647;
			files = (
				1A2097981D5DD2CD008FAE8B /* LaunchScreen.storyboard in Resources */,
				1A2097AD1D5DDFF7008FAE8B /* XJLLeftTableViewCell.xib in Resources */,
				1AB650561D5F0669003CADE3 /* MoreFunctionFrame@2x.png in Resources */,
				1A2097951D5DD2CD008FAE8B /* Assets.xcassets in Resources */,
				1A2097B11D5DE006008FAE8B /* XJLRightTableViewCell.xib in Resources */,
				1A2097931D5DD2CD008FAE8B /* Main.storyboard in Resources */,
				1AB650661D5F0833003CADE3 /* XJLChatViewController.storyboard in Resources */,
			);
			runOnlyForDeploymentPostprocessing = 0;
		};
/* End PBXResourcesBuildPhase section */

/* Begin PBXSourcesBuildPhase section */
		1A2097861D5DD2CD008FAE8B /* Sources */ = {
			isa = PBXSourcesBuildPhase;
			buildActionMask = 2147483647;
			files = (
				1AB650581D5F0669003CADE3 /* XHPopMenuItem.m in Sources */,
				1A2097901D5DD2CD008FAE8B /* ViewController.swift in Sources */,
				1AB650671D5F0833003CADE3 /* XJLMessageViewCell.swift in Sources */,
				1A2097B01D5DE006008FAE8B /* XJLRightTableViewCell.swift in Sources */,
				1A2097AC1D5DDFF7008FAE8B /* XJLLeftTableViewCell.swift in Sources */,
				1AB650591D5F0669003CADE3 /* XHPopMenuItemView.m in Sources */,
				1A2097A51D5DD50B008FAE8B /* XJLChatViewController.swift in Sources */,
				1AB650651D5F0833003CADE3 /* XJLChatController.swift in Sources */,
				1AB650571D5F0669003CADE3 /* XHPopMenu.m in Sources */,
				1AB650381D5ED327003CADE3 /* XJLModel.swift in Sources */,
				1A20978E1D5DD2CD008FAE8B /* AppDelegate.swift in Sources */,
			);
			runOnlyForDeploymentPostprocessing = 0;
		};
/* End PBXSourcesBuildPhase section */

/* Begin PBXVariantGroup section */
		1A2097911D5DD2CD008FAE8B /* Main.storyboard */ = {
			isa = PBXVariantGroup;
			children = (
				1A2097921D5DD2CD008FAE8B /* Base */,
			);
			name = Main.storyboard;
			sourceTree = "<group>";
		};
		1A2097961D5DD2CD008FAE8B /* LaunchScreen.storyboard */ = {
			isa = PBXVariantGroup;
			children = (
				1A2097971D5DD2CD008FAE8B /* Base */,
			);
			name = LaunchScreen.storyboard;
			sourceTree = "<group>";
		};
/* End PBXVariantGroup section */

/* Begin XCBuildConfiguration section */
		1A20979A1D5DD2CD008FAE8B /* Debug */ = {
			isa = XCBuildConfiguration;
			buildSettings = {
				ALWAYS_SEARCH_USER_PATHS = NO;
				CLANG_ANALYZER_NONNULL = YES;
				CLANG_CXX_LANGUAGE_STANDARD = "gnu++0x";
				CLANG_CXX_LIBRARY = "libc++";
				CLANG_ENABLE_MODULES = YES;
				CLANG_ENABLE_OBJC_ARC = YES;
				CLANG_WARN_BOOL_CONVERSION = YES;
				CLANG_WARN_CONSTANT_CONVERSION = YES;
				CLANG_WARN_DIRECT_OBJC_ISA_USAGE = YES_ERROR;
				CLANG_WARN_EMPTY_BODY = YES;
				CLANG_WARN_ENUM_CONVERSION = YES;
				CLANG_WARN_INT_CONVERSION = YES;
				CLANG_WARN_OBJC_ROOT_CLASS = YES_ERROR;
				CLANG_WARN_UNREACHABLE_CODE = YES;
				CLANG_WARN__DUPLICATE_METHOD_MATCH = YES;
				"CODE_SIGN_IDENTITY[sdk=iphoneos*]" = "iPhone Developer";
				COPY_PHASE_STRIP = NO;
				DEBUG_INFORMATION_FORMAT = dwarf;
				ENABLE_STRICT_OBJC_MSGSEND = YES;
				ENABLE_TESTABILITY = YES;
				GCC_C_LANGUAGE_STANDARD = gnu99;
				GCC_DYNAMIC_NO_PIC = NO;
				GCC_NO_COMMON_BLOCKS = YES;
				GCC_OPTIMIZATION_LEVEL = 0;
				GCC_PREPROCESSOR_DEFINITIONS = (
					"DEBUG=1",
					"$(inherited)",
				);
				GCC_WARN_64_TO_32_BIT_CONVERSION = YES;
				GCC_WARN_ABOUT_RETURN_TYPE = YES_ERROR;
				GCC_WARN_UNDECLARED_SELECTOR = YES;
				GCC_WARN_UNINITIALIZED_AUTOS = YES_AGGRESSIVE;
				GCC_WARN_UNUSED_FUNCTION = YES;
				GCC_WARN_UNUSED_VARIABLE = YES;
				IPHONEOS_DEPLOYMENT_TARGET = 9.3;
				MTL_ENABLE_DEBUG_INFO = YES;
				ONLY_ACTIVE_ARCH = YES;
				SDKROOT = iphoneos;
				SWIFT_OPTIMIZATION_LEVEL = "-Onone";
			};
			name = Debug;
		};
		1A20979B1D5DD2CD008FAE8B /* Release */ = {
			isa = XCBuildConfiguration;
			buildSettings = {
				ALWAYS_SEARCH_USER_PATHS = NO;
				CLANG_ANALYZER_NONNULL = YES;
				CLANG_CXX_LANGUAGE_STANDARD = "gnu++0x";
				CLANG_CXX_LIBRARY = "libc++";
				CLANG_ENABLE_MODULES = YES;
				CLANG_ENABLE_OBJC_ARC = YES;
				CLANG_WARN_BOOL_CONVERSION = YES;
				CLANG_WARN_CONSTANT_CONVERSION = YES;
				CLANG_WARN_DIRECT_OBJC_ISA_USAGE = YES_ERROR;
				CLANG_WARN_EMPTY_BODY = YES;
				CLANG_WARN_ENUM_CONVERSION = YES;
				CLANG_WARN_INT_CONVERSION = YES;
				CLANG_WARN_OBJC_ROOT_CLASS = YES_ERROR;
				CLANG_WARN_UNREACHABLE_CODE = YES;
				CLANG_WARN__DUPLICATE_METHOD_MATCH = YES;
				"CODE_SIGN_IDENTITY[sdk=iphoneos*]" = "iPhone Developer";
				COPY_PHASE_STRIP = NO;
				DEBUG_INFORMATION_FORMAT = "dwarf-with-dsym";
				ENABLE_NS_ASSERTIONS = NO;
				ENABLE_STRICT_OBJC_MSGSEND = YES;
				GCC_C_LANGUAGE_STANDARD = gnu99;
				GCC_NO_COMMON_BLOCKS = YES;
				GCC_WARN_64_TO_32_BIT_CONVERSION = YES;
				GCC_WARN_ABOUT_RETURN_TYPE = YES_ERROR;
				GCC_WARN_UNDECLARED_SELECTOR = YES;
				GCC_WARN_UNINITIALIZED_AUTOS = YES_AGGRESSIVE;
				GCC_WARN_UNUSED_FUNCTION = YES;
				GCC_WARN_UNUSED_VARIABLE = YES;
				IPHONEOS_DEPLOYMENT_TARGET = 9.3;
				MTL_ENABLE_DEBUG_INFO = NO;
				SDKROOT = iphoneos;
				VALIDATE_PRODUCT = YES;
			};
			name = Release;
		};
		1A20979D1D5DD2CD008FAE8B /* Debug */ = {
			isa = XCBuildConfiguration;
			buildSettings = {
				ASSETCATALOG_COMPILER_APPICON_NAME = AppIcon;
				INFOPLIST_FILE = Chat/Info.plist;
				LD_RUNPATH_SEARCH_PATHS = "$(inherited) @executable_path/Frameworks";
				PRODUCT_BUNDLE_IDENTIFIER = cn.edu.hpu.cst.www.Chat;
				PRODUCT_NAME = "$(TARGET_NAME)";
				SWIFT_OBJC_BRIDGING_HEADER = /Users/mac/Desktop/Chat/Chat/Chat/Chat/Classes/Bridge.h;
			};
			name = Debug;
		};
		1A20979E1D5DD2CD008FAE8B /* Release */ = {
			isa = XCBuildConfiguration;
			buildSettings = {
				ASSETCATALOG_COMPILER_APPICON_NAME = AppIcon;
				INFOPLIST_FILE = Chat/Info.plist;
				LD_RUNPATH_SEARCH_PATHS = "$(inherited) @executable_path/Frameworks";
				PRODUCT_BUNDLE_IDENTIFIER = cn.edu.hpu.cst.www.Chat;
				PRODUCT_NAME = "$(TARGET_NAME)";
				SWIFT_OBJC_BRIDGING_HEADER = /Users/mac/Desktop/Chat/Chat/Chat/Chat/Classes/Bridge.h;
			};
			name = Release;
		};
/* End XCBuildConfiguration section */

/* Begin XCConfigurationList section */
		1A2097851D5DD2CD008FAE8B /* Build configuration list for PBXProject "Chat" */ = {
			isa = XCConfigurationList;
			buildConfigurations = (
				1A20979A1D5DD2CD008FAE8B /* Debug */,
				1A20979B1D5DD2CD008FAE8B /* Release */,
			);
			defaultConfigurationIsVisible = 0;
			defaultConfigurationName = Release;
		};
		1A20979C1D5DD2CD008FAE8B /* Build configuration list for PBXNativeTarget "Chat" */ = {
			isa = XCConfigurationList;
			buildConfigurations = (
				1A20979D1D5DD2CD008FAE8B /* Debug */,
				1A20979E1D5DD2CD008FAE8B /* Release */,
			);
			defaultConfigurationIsVisible = 0;
			defaultConfigurationName = Release;
		};
/* End XCConfigurationList section */
	};
	rootObject = 1A2097821D5DD2CD008FAE8B /* Project object */;
}
